
Microsoft Visual Studio Solution File, Format Version 12.00
# Visual Studio Version 16
VisualStudioVersion = 16.0.30011.22
MinimumVisualStudioVersion = 10.0.40219.1
Project("{FAE04EC0-301F-11D3-BF4B-00C04F79EFBC}") = "CodingChallengeOne", "..\..\..\..\source\repos\CodingChallengeOne\CodingChallengeOne\CodingChallengeOne.csproj", "{FCFB0F4D-A50F-4AA5-89C1-458DD7F60E63}"
EndProject
Global
	GlobalSection(SolutionConfigurationPlatforms) = preSolution
		Debug|Any CPU = Debug|Any CPU
		Release|Any CPU = Release|Any CPU
	EndGlobalSection
	GlobalSection(ProjectConfigurationPlatforms) = postSolution
		{FCFB0F4D-A50F-4AA5-89C1-458DD7F60E63}.Debug|Any CPU.ActiveCfg = Debug|Any CPU
		{FCFB0F4D-A50F-4AA5-89C1-458DD7F60E63}.Debug|Any CPU.Build.0 = Debug|Any CPU
		{FCFB0F4D-A50F-4AA5-89C1-458DD7F60E63}.Release|Any CPU.ActiveCfg = Release|Any CPU
		{FCFB0F4D-A50F-4AA5-89C1-458DD7F60E63}.Release|Any CPU.Build.0 = Release|Any CPU
	EndGlobalSection
	GlobalSection(SolutionProperties) = preSolution
		HideSolutionNode = FALSE
	EndGlobalSection
	GlobalSection(ExtensibilityGlobals) = postSolution
		SolutionGuid = {B9696D0C-9230-4D8D-B909-85865E450573}
	EndGlobalSection
EndGlobal
